{
  "name": "offirmo.github.io",
  "version": "0.0.1",
  "lockfileVersion": 1,
  "requires": true,
  "dependencies": {
    "baffle": {
      "version": "0.3.6",
      "resolved": "https://registry.npmjs.org/baffle/-/baffle-0.3.6.tgz",
      "integrity": "sha1-mJ2KY2OhnmMNqFo0gEIog/C9pNA="
    },
    "in-view": {
      "version": "0.6.1",
      "resolved": "https://registry.npmjs.org/in-view/-/in-view-0.6.1.tgz",
      "integrity": "sha1-+fmbXVpv4BNZ2eGcVwMCoxIbr0I=",
      "requires": {
        "lodash": "4.17.4"
      }
    },
    "lodash": {
      "version": "4.17.4",
      "resolved": "https://registry.npmjs.org/lodash/-/lodash-4.17.4.tgz",
      "integrity": "sha1-eCA6TRwyiuHYbcpkYONptX9AVa4="
    },
    "tachyons": {
      "version": "4.8.1",
      "resolved": "https://registry.npmjs.org/tachyons/-/tachyons-4.8.1.tgz",
      "integrity": "sha512-sh/LFb9MoPt76sBKUSHP1MlMVRBw6zDiv11Ag/t5M4wS1mxQhFnNkDzhGdH6/xIwPO5tqwlNnXfiTI5XwDCJzA=="
    },
    "tachyons-debug": {
      "version": "1.1.10",
      "resolved": "https://registry.npmjs.org/tachyons-debug/-/tachyons-debug-1.1.10.tgz",
      "integrity": "sha1-PqqgXi0HFNe8+olymR9n3cjMmAs=",
      "dev": true
    }
  }
}
