# THIS IS AN AUTOGENERATED FILE. DO NOT EDIT THIS FILE DIRECTLY.
# yarn lockfile v1


baffle@^0.3:
  version "0.3.6"
  resolved "https://registry.yarnpkg.com/baffle/-/baffle-0.3.6.tgz#989d8a6363a19e630da85a3480422883f0bda4d0"
  integrity sha1-mJ2KY2OhnmMNqFo0gEIog/C9pNA=

in-view@^0.6:
  version "0.6.1"
  resolved "https://registry.yarnpkg.com/in-view/-/in-view-0.6.1.tgz#f9f99b5d5a6fe01359d9e19c570302a3121baf42"
  integrity sha1-+fmbXVpv4BNZ2eGcVwMCoxIbr0I=
  dependencies:
    lodash "^4.15.0"

lodash@^4.15.0:
  version "4.17.19"
  resolved "https://registry.yarnpkg.com/lodash/-/lodash-4.17.19.tgz#e48ddedbe30b3321783c5b4301fbd353bc1e4a4b"
  integrity sha512-JNvd8XER9GQX0v2qJgsaN/mzFCNA5BRe/j8JN9d+tWyGLSodKQHKFicdwNYzWwI3wjRnaKPsGj1XkBjx/F96DQ==

tachyons-debug@^1:
  version "1.1.11"
  resolved "https://registry.yarnpkg.com/tachyons-debug/-/tachyons-debug-1.1.11.tgz#1de6753f5fdbb529e974813560d43b9e7bc97d59"
  integrity sha512-7GnEurFAOOZuyAGDi2PeDq9N8V9bAbEnr0bdG/EImJ8ZE/qAwIiVL58XmNV4CBLnnoVojw7i2cMoRKtDlc05nQ==

tachyons@^4:
  version "4.12.0"
  resolved "https://registry.yarnpkg.com/tachyons/-/tachyons-4.12.0.tgz#6fdfa8360927a46a1efd996a4dcc94f04bd31df0"
  integrity sha512-2nA2IrYFy3raCM9fxJ2KODRGHVSZNTW3BR0YnlGsLUf1DA3pk3YfWZ/DdfbnZK6zLZS+jUenlUGJsKcA5fUiZg==
